
Microsoft Visual Studio Solution File, Format Version 12.00
# Visual Studio Version 16
VisualStudioVersion = 16.0.31410.357
MinimumVisualStudioVersion = 10.0.40219.1
Project("{9A19103F-16F7-4668-BE54-9A1E7A4F7556}") = "ConsoleApp", "ConsoleApp\ConsoleApp.csproj", "{785FBB81-613E-4988-8E41-CEAC50ABE59A}"
EndProject
Project("{FAE04EC0-301F-11D3-BF4B-00C04F79EFBC}") = "NUnitTestProject", "NUnitTestProject\NUnitTestProject.csproj", "{4201767A-2583-4D59-88E2-16F9A885960D}"
EndProject
Global
	GlobalSection(SolutionConfigurationPlatforms) = preSolution
		Debug|Any CPU = Debug|Any CPU
		Release|Any CPU = Release|Any CPU
	EndGlobalSection
	GlobalSection(ProjectConfigurationPlatforms) = postSolution
		{785FBB81-613E-4988-8E41-CEAC50ABE59A}.Debug|Any CPU.ActiveCfg = Debug|Any CPU
		{785FBB81-613E-4988-8E41-CEAC50ABE59A}.Debug|Any CPU.Build.0 = Debug|Any CPU
		{785FBB81-613E-4988-8E41-CEAC50ABE59A}.Release|Any CPU.ActiveCfg = Release|Any CPU
		{785FBB81-613E-4988-8E41-CEAC50ABE59A}.Release|Any CPU.Build.0 = Release|Any CPU
		{4201767A-2583-4D59-88E2-16F9A885960D}.Debug|Any CPU.ActiveCfg = Debug|Any CPU
		{4201767A-2583-4D59-88E2-16F9A885960D}.Debug|Any CPU.Build.0 = Debug|Any CPU
		{4201767A-2583-4D59-88E2-16F9A885960D}.Release|Any CPU.ActiveCfg = Release|Any CPU
		{4201767A-2583-4D59-88E2-16F9A885960D}.Release|Any CPU.Build.0 = Release|Any CPU
	EndGlobalSection
	GlobalSection(SolutionProperties) = preSolution
		HideSolutionNode = FALSE
	EndGlobalSection
	GlobalSection(ExtensibilityGlobals) = postSolution
		SolutionGuid = {66648676-A6FB-4116-9D6D-60CB82DB8A81}
	EndGlobalSection
EndGlobal
